// !$*UTF8*$!
{
	archiveVersion = 1;
	classes = {
	};
	objectVersion = 56;
	objects = {

/* Begin PBXBuildFile section */
		03919836A4596A552F374FAF /* Pods_Xcode_Cloud_Xcode_CloudUITests.framework in Frameworks */ = {isa = PBXBuildFile; fileRef = 77E1721801779285283876DB /* Pods_Xcode_Cloud_Xcode_CloudUITests.framework */; };
		2A674DFBDF10D070D02BB6C1 /* Pods_Xcode_Cloud.framework in Frameworks */ = {isa = PBXBuildFile; fileRef = A7563903490201CD10DB42C0 /* Pods_Xcode_Cloud.framework */; };
		6939DBBC29FA464B0058AB96 /* AppDelegate.swift in Sources */ = {isa = PBXBuildFile; fileRef = 6939DBBB29FA464B0058AB96 /* AppDelegate.swift */; };
		6939DBBE29FA464B0058AB96 /* SceneDelegate.swift in Sources */ = {isa = PBXBuildFile; fileRef = 6939DBBD29FA464B0058AB96 /* SceneDelegate.swift */; };
		6939DBC029FA464B0058AB96 /* ViewController.swift in Sources */ = {isa = PBXBuildFile; fileRef = 6939DBBF29FA464B0058AB96 /* ViewController.swift */; };
		6939DBC329FA464B0058AB96 /* Main.storyboard in Resources */ = {isa = PBXBuildFile; fileRef = 6939DBC129FA464B0058AB96 /* Main.storyboard */; };
		6939DBC629FA464B0058AB96 /* Xcode_Cloud.xcdatamodeld in Sources */ = {isa = PBXBuildFile; fileRef = 6939DBC429FA464B0058AB96 /* Xcode_Cloud.xcdatamodeld */; };
		6939DBC829FA464D0058AB96 /* Assets.xcassets in Resources */ = {isa = PBXBuildFile; fileRef = 6939DBC729FA464D0058AB96 /* Assets.xcassets */; };
		6939DBCB29FA464D0058AB96 /* LaunchScreen.storyboard in Resources */ = {isa = PBXBuildFile; fileRef = 6939DBC929FA464D0058AB96 /* LaunchScreen.storyboard */; };
		6939DBD629FA464D0058AB96 /* Xcode_CloudTests.swift in Sources */ = {isa = PBXBuildFile; fileRef = 6939DBD529FA464D0058AB96 /* Xcode_CloudTests.swift */; };
		6939DBE029FA464D0058AB96 /* Xcode_CloudUITests.swift in Sources */ = {isa = PBXBuildFile; fileRef = 6939DBDF29FA464D0058AB96 /* Xcode_CloudUITests.swift */; };
		6939DBE229FA464D0058AB96 /* Xcode_CloudUITestsLaunchTests.swift in Sources */ = {isa = PBXBuildFile; fileRef = 6939DBE129FA464D0058AB96 /* Xcode_CloudUITestsLaunchTests.swift */; };
		69A5003629FA479700A00EDF /* Debouncer.swift in Sources */ = {isa = PBXBuildFile; fileRef = 69A5003529FA479700A00EDF /* Debouncer.swift */; };
		DBD3D598C5D6BA7D7A9F3952 /* Pods_Xcode_CloudTests.framework in Frameworks */ = {isa = PBXBuildFile; fileRef = 4B0DC2A45E922985ACF8E23D /* Pods_Xcode_CloudTests.framework */; };
/* End PBXBuildFile section */

/* Begin PBXContainerItemProxy section */
		6939DBD229FA464D0058AB96 /* PBXContainerItemProxy */ = {
			isa = PBXContainerItemProxy;
			containerPortal = 6939DBB029FA464B0058AB96 /* Project object */;
			proxyType = 1;
			remoteGlobalIDString = 6939DBB729FA464B0058AB96;
			remoteInfo = "Xcode Cloud";
		};
		6939DBDC29FA464D0058AB96 /* PBXContainerItemProxy */ = {
			isa = PBXContainerItemProxy;
			containerPortal = 6939DBB029FA464B0058AB96 /* Project object */;
			proxyType = 1;
			remoteGlobalIDString = 6939DBB729FA464B0058AB96;
			remoteInfo = "Xcode Cloud";
		};
/* End PBXContainerItemProxy section */

/* Begin PBXFileReference section */
		3343EB5B717EBD96553C26A7 /* Pods-Xcode Cloud-Xcode CloudUITests.release.xcconfig */ = {isa = PBXFileReference; includeInIndex = 1; lastKnownFileType = text.xcconfig; name = "Pods-Xcode Cloud-Xcode CloudUITests.release.xcconfig"; path = "Target Support Files/Pods-Xcode Cloud-Xcode CloudUITests/Pods-Xcode Cloud-Xcode CloudUITests.release.xcconfig"; sourceTree = "<group>"; };
		4B0DC2A45E922985ACF8E23D /* Pods_Xcode_CloudTests.framework */ = {isa = PBXFileReference; explicitFileType = wrapper.framework; includeInIndex = 0; path = Pods_Xcode_CloudTests.framework; sourceTree = BUILT_PRODUCTS_DIR; };
		656F655225F729046A3B0A12 /* Pods-Xcode Cloud.debug.xcconfig */ = {isa = PBXFileReference; includeInIndex = 1; lastKnownFileType = text.xcconfig; name = "Pods-Xcode Cloud.debug.xcconfig"; path = "Target Support Files/Pods-Xcode Cloud/Pods-Xcode Cloud.debug.xcconfig"; sourceTree = "<group>"; };
		6939DBB829FA464B0058AB96 /* Xcode Cloud.app */ = {isa = PBXFileReference; explicitFileType = wrapper.application; includeInIndex = 0; path = "Xcode Cloud.app"; sourceTree = BUILT_PRODUCTS_DIR; };
		6939DBBB29FA464B0058AB96 /* AppDelegate.swift */ = {isa = PBXFileReference; lastKnownFileType = sourcecode.swift; path = AppDelegate.swift; sourceTree = "<group>"; };
		6939DBBD29FA464B0058AB96 /* SceneDelegate.swift */ = {isa = PBXFileReference; lastKnownFileType = sourcecode.swift; path = SceneDelegate.swift; sourceTree = "<group>"; };
		6939DBBF29FA464B0058AB96 /* ViewController.swift */ = {isa = PBXFileReference; lastKnownFileType = sourcecode.swift; path = ViewController.swift; sourceTree = "<group>"; };
		6939DBC229FA464B0058AB96 /* Base */ = {isa = PBXFileReference; lastKnownFileType = file.storyboard; name = Base; path = Base.lproj/Main.storyboard; sourceTree = "<group>"; };
		6939DBC529FA464B0058AB96 /* Xcode_Cloud.xcdatamodel */ = {isa = PBXFileReference; lastKnownFileType = wrapper.xcdatamodel; path = Xcode_Cloud.xcdatamodel; sourceTree = "<group>"; };
		6939DBC729FA464D0058AB96 /* Assets.xcassets */ = {isa = PBXFileReference; lastKnownFileType = folder.assetcatalog; path = Assets.xcassets; sourceTree = "<group>"; };
		6939DBCA29FA464D0058AB96 /* Base */ = {isa = PBXFileReference; lastKnownFileType = file.storyboard; name = Base; path = Base.lproj/LaunchScreen.storyboard; sourceTree = "<group>"; };
		6939DBCC29FA464D0058AB96 /* Info.plist */ = {isa = PBXFileReference; lastKnownFileType = text.plist.xml; path = Info.plist; sourceTree = "<group>"; };
		6939DBD129FA464D0058AB96 /* Xcode CloudTests.xctest */ = {isa = PBXFileReference; explicitFileType = wrapper.cfbundle; includeInIndex = 0; path = "Xcode CloudTests.xctest"; sourceTree = BUILT_PRODUCTS_DIR; };
		6939DBD529FA464D0058AB96 /* Xcode_CloudTests.swift */ = {isa = PBXFileReference; lastKnownFileType = sourcecode.swift; path = Xcode_CloudTests.swift; sourceTree = "<group>"; };
		6939DBDB29FA464D0058AB96 /* Xcode CloudUITests.xctest */ = {isa = PBXFileReference; explicitFileType = wrapper.cfbundle; includeInIndex = 0; path = "Xcode CloudUITests.xctest"; sourceTree = BUILT_PRODUCTS_DIR; };
		6939DBDF29FA464D0058AB96 /* Xcode_CloudUITests.swift */ = {isa = PBXFileReference; lastKnownFileType = sourcecode.swift; path = Xcode_CloudUITests.swift; sourceTree = "<group>"; };
		6939DBE129FA464D0058AB96 /* Xcode_CloudUITestsLaunchTests.swift */ = {isa = PBXFileReference; lastKnownFileType = sourcecode.swift; path = Xcode_CloudUITestsLaunchTests.swift; sourceTree = "<group>"; };
		69A5003529FA479700A00EDF /* Debouncer.swift */ = {isa = PBXFileReference; lastKnownFileType = sourcecode.swift; path = Debouncer.swift; sourceTree = "<group>"; };
		71581DE476FE88EDBD6E056B /* Pods-Xcode CloudTests.release.xcconfig */ = {isa = PBXFileReference; includeInIndex = 1; lastKnownFileType = text.xcconfig; name = "Pods-Xcode CloudTests.release.xcconfig"; path = "Target Support Files/Pods-Xcode CloudTests/Pods-Xcode CloudTests.release.xcconfig"; sourceTree = "<group>"; };
		77E1721801779285283876DB /* Pods_Xcode_Cloud_Xcode_CloudUITests.framework */ = {isa = PBXFileReference; explicitFileType = wrapper.framework; includeInIndex = 0; path = Pods_Xcode_Cloud_Xcode_CloudUITests.framework; sourceTree = BUILT_PRODUCTS_DIR; };
		7F2B184FA58058A7E90165D8 /* Pods-Xcode CloudTests.debug.xcconfig */ = {isa = PBXFileReference; includeInIndex = 1; lastKnownFileType = text.xcconfig; name = "Pods-Xcode CloudTests.debug.xcconfig"; path = "Target Support Files/Pods-Xcode CloudTests/Pods-Xcode CloudTests.debug.xcconfig"; sourceTree = "<group>"; };
		90BD488423B3C05F97ECDD61 /* Pods-Xcode Cloud-Xcode CloudUITests.debug.xcconfig */ = {isa = PBXFileReference; includeInIndex = 1; lastKnownFileType = text.xcconfig; name = "Pods-Xcode Cloud-Xcode CloudUITests.debug.xcconfig"; path = "Target Support Files/Pods-Xcode Cloud-Xcode CloudUITests/Pods-Xcode Cloud-Xcode CloudUITests.debug.xcconfig"; sourceTree = "<group>"; };
		A7563903490201CD10DB42C0 /* Pods_Xcode_Cloud.framework */ = {isa = PBXFileReference; explicitFileType = wrapper.framework; includeInIndex = 0; path = Pods_Xcode_Cloud.framework; sourceTree = BUILT_PRODUCTS_DIR; };
		B8CC76D1B29DDDD6A8A11FBE /* Pods-Xcode Cloud.release.xcconfig */ = {isa = PBXFileReference; includeInIndex = 1; lastKnownFileType = text.xcconfig; name = "Pods-Xcode Cloud.release.xcconfig"; path = "Target Support Files/Pods-Xcode Cloud/Pods-Xcode Cloud.release.xcconfig"; sourceTree = "<group>"; };
/* End PBXFileReference section */

/* Begin PBXFrameworksBuildPhase section */
		6939DBB529FA464B0058AB96 /* Frameworks */ = {
			isa = PBXFrameworksBuildPhase;
			buildActionMask = 2147483647;
			files = (
				2A674DFBDF10D070D02BB6C1 /* Pods_Xcode_Cloud.framework in Frameworks */,
			);
			runOnlyForDeploymentPostprocessing = 0;
		};
		6939DBCE29FA464D0058AB96 /* Frameworks */ = {
			isa = PBXFrameworksBuildPhase;
			buildActionMask = 2147483647;
			files = (
				DBD3D598C5D6BA7D7A9F3952 /* Pods_Xcode_CloudTests.framework in Frameworks */,
			);
			runOnlyForDeploymentPostprocessing = 0;
		};
		6939DBD829FA464D0058AB96 /* Frameworks */ = {
			isa = PBXFrameworksBuildPhase;
			buildActionMask = 2147483647;
			files = (
				03919836A4596A552F374FAF /* Pods_Xcode_Cloud_Xcode_CloudUITests.framework in Frameworks */,
			);
			runOnlyForDeploymentPostprocessing = 0;
		};
/* End PBXFrameworksBuildPhase section */

/* Begin PBXGroup section */
		5C4509C45C5668D1CB54E90C /* Frameworks */ = {
			isa = PBXGroup;
			children = (
				A7563903490201CD10DB42C0 /* Pods_Xcode_Cloud.framework */,
				77E1721801779285283876DB /* Pods_Xcode_Cloud_Xcode_CloudUITests.framework */,
				4B0DC2A45E922985ACF8E23D /* Pods_Xcode_CloudTests.framework */,
			);
			name = Frameworks;
			sourceTree = "<group>";
		};
		6939DBAF29FA464B0058AB96 = {
			isa = PBXGroup;
			children = (
				6939DBBA29FA464B0058AB96 /* Xcode Cloud */,
				6939DBD429FA464D0058AB96 /* Xcode CloudTests */,
				6939DBDE29FA464D0058AB96 /* Xcode CloudUITests */,
				6939DBB929FA464B0058AB96 /* Products */,
				E7CAC9E729648D78C85AC5CA /* Pods */,
				5C4509C45C5668D1CB54E90C /* Frameworks */,
			);
			sourceTree = "<group>";
		};
		6939DBB929FA464B0058AB96 /* Products */ = {
			isa = PBXGroup;
			children = (
				6939DBB829FA464B0058AB96 /* Xcode Cloud.app */,
				6939DBD129FA464D0058AB96 /* Xcode CloudTests.xctest */,
				6939DBDB29FA464D0058AB96 /* Xcode CloudUITests.xctest */,
			);
			name = Products;
			sourceTree = "<group>";
		};
		6939DBBA29FA464B0058AB96 /* Xcode Cloud */ = {
			isa = PBXGroup;
			children = (
				6939DBBB29FA464B0058AB96 /* AppDelegate.swift */,
				6939DBBD29FA464B0058AB96 /* SceneDelegate.swift */,
				6939DBBF29FA464B0058AB96 /* ViewController.swift */,
				6939DBC129FA464B0058AB96 /* Main.storyboard */,
				6939DBC729FA464D0058AB96 /* Assets.xcassets */,
				6939DBC929FA464D0058AB96 /* LaunchScreen.storyboard */,
				6939DBCC29FA464D0058AB96 /* Info.plist */,
				6939DBC429FA464B0058AB96 /* Xcode_Cloud.xcdatamodeld */,
				69A5003529FA479700A00EDF /* Debouncer.swift */,
			);
			path = "Xcode Cloud";
			sourceTree = "<group>";
		};
		6939DBD429FA464D0058AB96 /* Xcode CloudTests */ = {
			isa = PBXGroup;
			children = (
				6939DBD529FA464D0058AB96 /* Xcode_CloudTests.swift */,
			);
			path = "Xcode CloudTests";
			sourceTree = "<group>";
		};
		6939DBDE29FA464D0058AB96 /* Xcode CloudUITests */ = {
			isa = PBXGroup;
			children = (
				6939DBDF29FA464D0058AB96 /* Xcode_CloudUITests.swift */,
				6939DBE129FA464D0058AB96 /* Xcode_CloudUITestsLaunchTests.swift */,
			);
			path = "Xcode CloudUITests";
			sourceTree = "<group>";
		};
		E7CAC9E729648D78C85AC5CA /* Pods */ = {
			isa = PBXGroup;
			children = (
				656F655225F729046A3B0A12 /* Pods-Xcode Cloud.debug.xcconfig */,
				B8CC76D1B29DDDD6A8A11FBE /* Pods-Xcode Cloud.release.xcconfig */,
				90BD488423B3C05F97ECDD61 /* Pods-Xcode Cloud-Xcode CloudUITests.debug.xcconfig */,
				3343EB5B717EBD96553C26A7 /* Pods-Xcode Cloud-Xcode CloudUITests.release.xcconfig */,
				7F2B184FA58058A7E90165D8 /* Pods-Xcode CloudTests.debug.xcconfig */,
				71581DE476FE88EDBD6E056B /* Pods-Xcode CloudTests.release.xcconfig */,
			);
			path = Pods;
			sourceTree = "<group>";
		};
/* End PBXGroup section */

/* Begin PBXNativeTarget section */
		6939DBB729FA464B0058AB96 /* Xcode Cloud */ = {
			isa = PBXNativeTarget;
			buildConfigurationList = 6939DBE529FA464D0058AB96 /* Build configuration list for PBXNativeTarget "Xcode Cloud" */;
			buildPhases = (
				2270C67778FB9574055B82EB /* [CP] Check Pods Manifest.lock */,
				6939DBB429FA464B0058AB96 /* Sources */,
				6939DBB529FA464B0058AB96 /* Frameworks */,
				6939DBB629FA464B0058AB96 /* Resources */,
				FFCDCF6698A85EABE3F5983F /* [CP] Embed Pods Frameworks */,
			);
			buildRules = (
			);
			dependencies = (
			);
			name = "Xcode Cloud";
			productName = "Xcode Cloud";
			productReference = 6939DBB829FA464B0058AB96 /* Xcode Cloud.app */;
			productType = "com.apple.product-type.application";
		};
		6939DBD029FA464D0058AB96 /* Xcode CloudTests */ = {
			isa = PBXNativeTarget;
			buildConfigurationList = 6939DBE829FA464D0058AB96 /* Build configuration list for PBXNativeTarget "Xcode CloudTests" */;
			buildPhases = (
				3942E8E3C5FED34FFE0BABFA /* [CP] Check Pods Manifest.lock */,
				6939DBCD29FA464D0058AB96 /* Sources */,
				6939DBCE29FA464D0058AB96 /* Frameworks */,
				6939DBCF29FA464D0058AB96 /* Resources */,
			);
			buildRules = (
			);
			dependencies = (
				6939DBD329FA464D0058AB96 /* PBXTargetDependency */,
			);
			name = "Xcode CloudTests";
			productName = "Xcode CloudTests";
			productReference = 6939DBD129FA464D0058AB96 /* Xcode CloudTests.xctest */;
			productType = "com.apple.product-type.bundle.unit-test";
		};
		6939DBDA29FA464D0058AB96 /* Xcode CloudUITests */ = {
			isa = PBXNativeTarget;
			buildConfigurationList = 6939DBEB29FA464D0058AB96 /* Build configuration list for PBXNativeTarget "Xcode CloudUITests" */;
			buildPhases = (
				D74A00DF581490A4A6823E33 /* [CP] Check Pods Manifest.lock */,
				6939DBD729FA464D0058AB96 /* Sources */,
				6939DBD829FA464D0058AB96 /* Frameworks */,
				6939DBD929FA464D0058AB96 /* Resources */,
				269A4F73588D23639948AABA /* [CP] Embed Pods Frameworks */,
			);
			buildRules = (
			);
			dependencies = (
				6939DBDD29FA464D0058AB96 /* PBXTargetDependency */,
			);
			name = "Xcode CloudUITests";
			productName = "Xcode CloudUITests";
			productReference = 6939DBDB29FA464D0058AB96 /* Xcode CloudUITests.xctest */;
			productType = "com.apple.product-type.bundle.ui-testing";
		};
/* End PBXNativeTarget section */

/* Begin PBXProject section */
		6939DBB029FA464B0058AB96 /* Project object */ = {
			isa = PBXProject;
			attributes = {
				BuildIndependentTargetsInParallel = 1;
				LastSwiftUpdateCheck = 1420;
				LastUpgradeCheck = 1420;
				TargetAttributes = {
					6939DBB729FA464B0058AB96 = {
						CreatedOnToolsVersion = 14.2;
					};
					6939DBD029FA464D0058AB96 = {
						CreatedOnToolsVersion = 14.2;
						TestTargetID = 6939DBB729FA464B0058AB96;
					};
					6939DBDA29FA464D0058AB96 = {
						CreatedOnToolsVersion = 14.2;
						TestTargetID = 6939DBB729FA464B0058AB96;
					};
				};
			};
			buildConfigurationList = 6939DBB329FA464B0058AB96 /* Build configuration list for PBXProject "Xcode Cloud" */;
			compatibilityVersion = "Xcode 14.0";
			developmentRegion = en;
			hasScannedForEncodings = 0;
			knownRegions = (
				en,
				Base,
			);
			mainGroup = 6939DBAF29FA464B0058AB96;
			productRefGroup = 6939DBB929FA464B0058AB96 /* Products */;
			projectDirPath = "";
			projectRoot = "";
			targets = (
				6939DBB729FA464B0058AB96 /* Xcode Cloud */,
				6939DBD029FA464D0058AB96 /* Xcode CloudTests */,
				6939DBDA29FA464D0058AB96 /* Xcode CloudUITests */,
			);
		};
/* End PBXProject section */

/* Begin PBXResourcesBuildPhase section */
		6939DBB629FA464B0058AB96 /* Resources */ = {
			isa = PBXResourcesBuildPhase;
			buildActionMask = 2147483647;
			files = (
				6939DBCB29FA464D0058AB96 /* LaunchScreen.storyboard in Resources */,
				6939DBC829FA464D0058AB96 /* Assets.xcassets in Resources */,
				6939DBC329FA464B0058AB96 /* Main.storyboard in Resources */,
			);
			runOnlyForDeploymentPostprocessing = 0;
		};
		6939DBCF29FA464D0058AB96 /* Resources */ = {
			isa = PBXResourcesBuildPhase;
			buildActionMask = 2147483647;
			files = (
			);
			runOnlyForDeploymentPostprocessing = 0;
		};
		6939DBD929FA464D0058AB96 /* Resources */ = {
			isa = PBXResourcesBuildPhase;
			buildActionMask = 2147483647;
			files = (
			);
			runOnlyForDeploymentPostprocessing = 0;
		};
/* End PBXResourcesBuildPhase section */

/* Begin PBXShellScriptBuildPhase section */
		2270C67778FB9574055B82EB /* [CP] Check Pods Manifest.lock */ = {
			isa = PBXShellScriptBuildPhase;
			buildActionMask = 2147483647;
			files = (
			);
			inputFileListPaths = (
			);
			inputPaths = (
				"${PODS_PODFILE_DIR_PATH}/Podfile.lock",
				"${PODS_ROOT}/Manifest.lock",
			);
			name = "[CP] Check Pods Manifest.lock";
			outputFileListPaths = (
			);
			outputPaths = (
				"$(DERIVED_FILE_DIR)/Pods-Xcode Cloud-checkManifestLockResult.txt",
			);
			runOnlyForDeploymentPostprocessing = 0;
			shellPath = /bin/sh;
			shellScript = "diff \"${PODS_PODFILE_DIR_PATH}/Podfile.lock\" \"${PODS_ROOT}/Manifest.lock\" > /dev/null\nif [ $? != 0 ] ; then\n    # print error to STDERR\n    echo \"error: The sandbox is not in sync with the Podfile.lock. Run 'pod install' or update your CocoaPods installation.\" >&2\n    exit 1\nfi\n# This output is used by Xcode 'outputs' to avoid re-running this script phase.\necho \"SUCCESS\" > \"${SCRIPT_OUTPUT_FILE_0}\"\n";
			showEnvVarsInLog = 0;
		};
		269A4F73588D23639948AABA /* [CP] Embed Pods Frameworks */ = {
			isa = PBXShellScriptBuildPhase;
			buildActionMask = 2147483647;
			files = (
			);
			inputFileListPaths = (
				"${PODS_ROOT}/Target Support Files/Pods-Xcode Cloud-Xcode CloudUITests/Pods-Xcode Cloud-Xcode CloudUITests-frameworks-${CONFIGURATION}-input-files.xcfilelist",
			);
			name = "[CP] Embed Pods Frameworks";
			outputFileListPaths = (
				"${PODS_ROOT}/Target Support Files/Pods-Xcode Cloud-Xcode CloudUITests/Pods-Xcode Cloud-Xcode CloudUITests-frameworks-${CONFIGURATION}-output-files.xcfilelist",
			);
			runOnlyForDeploymentPostprocessing = 0;
			shellPath = /bin/sh;
			shellScript = "\"${PODS_ROOT}/Target Support Files/Pods-Xcode Cloud-Xcode CloudUITests/Pods-Xcode Cloud-Xcode CloudUITests-frameworks.sh\"\n";
			showEnvVarsInLog = 0;
		};
		3942E8E3C5FED34FFE0BABFA /* [CP] Check Pods Manifest.lock */ = {
			isa = PBXShellScriptBuildPhase;
			buildActionMask = 2147483647;
			files = (
			);
			inputFileListPaths = (
			);
			inputPaths = (
				"${PODS_PODFILE_DIR_PATH}/Podfile.lock",
				"${PODS_ROOT}/Manifest.lock",
			);
			name = "[CP] Check Pods Manifest.lock";
			outputFileListPaths = (
			);
			outputPaths = (
				"$(DERIVED_FILE_DIR)/Pods-Xcode CloudTests-checkManifestLockResult.txt",
			);
			runOnlyForDeploymentPostprocessing = 0;
			shellPath = /bin/sh;
			shellScript = "diff \"${PODS_PODFILE_DIR_PATH}/Podfile.lock\" \"${PODS_ROOT}/Manifest.lock\" > /dev/null\nif [ $? != 0 ] ; then\n    # print error to STDERR\n    echo \"error: The sandbox is not in sync with the Podfile.lock. Run 'pod install' or update your CocoaPods installation.\" >&2\n    exit 1\nfi\n# This output is used by Xcode 'outputs' to avoid re-running this script phase.\necho \"SUCCESS\" > \"${SCRIPT_OUTPUT_FILE_0}\"\n";
			showEnvVarsInLog = 0;
		};
		D74A00DF581490A4A6823E33 /* [CP] Check Pods Manifest.lock */ = {
			isa = PBXShellScriptBuildPhase;
			buildActionMask = 2147483647;
			files = (
			);
			inputFileListPaths = (
			);
			inputPaths = (
				"${PODS_PODFILE_DIR_PATH}/Podfile.lock",
				"${PODS_ROOT}/Manifest.lock",
			);
			name = "[CP] Check Pods Manifest.lock";
			outputFileListPaths = (
			);
			outputPaths = (
				"$(DERIVED_FILE_DIR)/Pods-Xcode Cloud-Xcode CloudUITests-checkManifestLockResult.txt",
			);
			runOnlyForDeploymentPostprocessing = 0;
			shellPath = /bin/sh;
			shellScript = "diff \"${PODS_PODFILE_DIR_PATH}/Podfile.lock\" \"${PODS_ROOT}/Manifest.lock\" > /dev/null\nif [ $? != 0 ] ; then\n    # print error to STDERR\n    echo \"error: The sandbox is not in sync with the Podfile.lock. Run 'pod install' or update your CocoaPods installation.\" >&2\n    exit 1\nfi\n# This output is used by Xcode 'outputs' to avoid re-running this script phase.\necho \"SUCCESS\" > \"${SCRIPT_OUTPUT_FILE_0}\"\n";
			showEnvVarsInLog = 0;
		};
		FFCDCF6698A85EABE3F5983F /* [CP] Embed Pods Frameworks */ = {
			isa = PBXShellScriptBuildPhase;
			buildActionMask = 2147483647;
			files = (
			);
			inputFileListPaths = (
				"${PODS_ROOT}/Target Support Files/Pods-Xcode Cloud/Pods-Xcode Cloud-frameworks-${CONFIGURATION}-input-files.xcfilelist",
			);
			name = "[CP] Embed Pods Frameworks";
			outputFileListPaths = (
				"${PODS_ROOT}/Target Support Files/Pods-Xcode Cloud/Pods-Xcode Cloud-frameworks-${CONFIGURATION}-output-files.xcfilelist",
			);
			runOnlyForDeploymentPostprocessing = 0;
			shellPath = /bin/sh;
			shellScript = "\"${PODS_ROOT}/Target Support Files/Pods-Xcode Cloud/Pods-Xcode Cloud-frameworks.sh\"\n";
			showEnvVarsInLog = 0;
		};
/* End PBXShellScriptBuildPhase section */

/* Begin PBXSourcesBuildPhase section */
		6939DBB429FA464B0058AB96 /* Sources */ = {
			isa = PBXSourcesBuildPhase;
			buildActionMask = 2147483647;
			files = (
				6939DBC029FA464B0058AB96 /* ViewController.swift in Sources */,
				6939DBC629FA464B0058AB96 /* Xcode_Cloud.xcdatamodeld in Sources */,
				6939DBBC29FA464B0058AB96 /* AppDelegate.swift in Sources */,
				69A5003629FA479700A00EDF /* Debouncer.swift in Sources */,
				6939DBBE29FA464B0058AB96 /* SceneDelegate.swift in Sources */,
			);
			runOnlyForDeploymentPostprocessing = 0;
		};
		6939DBCD29FA464D0058AB96 /* Sources */ = {
			isa = PBXSourcesBuildPhase;
			buildActionMask = 2147483647;
			files = (
				6939DBD629FA464D0058AB96 /* Xcode_CloudTests.swift in Sources */,
			);
			runOnlyForDeploymentPostprocessing = 0;
		};
		6939DBD729FA464D0058AB96 /* Sources */ = {
			isa = PBXSourcesBuildPhase;
			buildActionMask = 2147483647;
			files = (
				6939DBE229FA464D0058AB96 /* Xcode_CloudUITestsLaunchTests.swift in Sources */,
				6939DBE029FA464D0058AB96 /* Xcode_CloudUITests.swift in Sources */,
			);
			runOnlyForDeploymentPostprocessing = 0;
		};
/* End PBXSourcesBuildPhase section */

/* Begin PBXTargetDependency section */
		6939DBD329FA464D0058AB96 /* PBXTargetDependency */ = {
			isa = PBXTargetDependency;
			target = 6939DBB729FA464B0058AB96 /* Xcode Cloud */;
			targetProxy = 6939DBD229FA464D0058AB96 /* PBXContainerItemProxy */;
		};
		6939DBDD29FA464D0058AB96 /* PBXTargetDependency */ = {
			isa = PBXTargetDependency;
			target = 6939DBB729FA464B0058AB96 /* Xcode Cloud */;
			targetProxy = 6939DBDC29FA464D0058AB96 /* PBXContainerItemProxy */;
		};
/* End PBXTargetDependency section */

/* Begin PBXVariantGroup section */
		6939DBC129FA464B0058AB96 /* Main.storyboard */ = {
			isa = PBXVariantGroup;
			children = (
				6939DBC229FA464B0058AB96 /* Base */,
			);
			name = Main.storyboard;
			sourceTree = "<group>";
		};
		6939DBC929FA464D0058AB96 /* LaunchScreen.storyboard */ = {
			isa = PBXVariantGroup;
			children = (
				6939DBCA29FA464D0058AB96 /* Base */,
			);
			name = LaunchScreen.storyboard;
			sourceTree = "<group>";
		};
/* End PBXVariantGroup section */

/* Begin XCBuildConfiguration section */
		6939DBE329FA464D0058AB96 /* Debug */ = {
			isa = XCBuildConfiguration;
			buildSettings = {
				ALWAYS_SEARCH_USER_PATHS = NO;
				CLANG_ANALYZER_NONNULL = YES;
				CLANG_ANALYZER_NUMBER_OBJECT_CONVERSION = YES_AGGRESSIVE;
				CLANG_CXX_LANGUAGE_STANDARD = "gnu++20";
				CLANG_ENABLE_MODULES = YES;
				CLANG_ENABLE_OBJC_ARC = YES;
				CLANG_ENABLE_OBJC_WEAK = YES;
				CLANG_WARN_BLOCK_CAPTURE_AUTORELEASING = YES;
				CLANG_WARN_BOOL_CONVERSION = YES;
				CLANG_WARN_COMMA = YES;
				CLANG_WARN_CONSTANT_CONVERSION = YES;
				CLANG_WARN_DEPRECATED_OBJC_IMPLEMENTATIONS = YES;
				CLANG_WARN_DIRECT_OBJC_ISA_USAGE = YES_ERROR;
				CLANG_WARN_DOCUMENTATION_COMMENTS = YES;
				CLANG_WARN_EMPTY_BODY = YES;
				CLANG_WARN_ENUM_CONVERSION = YES;
				CLANG_WARN_INFINITE_RECURSION = YES;
				CLANG_WARN_INT_CONVERSION = YES;
				CLANG_WARN_NON_LITERAL_NULL_CONVERSION = YES;
				CLANG_WARN_OBJC_IMPLICIT_RETAIN_SELF = YES;
				CLANG_WARN_OBJC_LITERAL_CONVERSION = YES;
				CLANG_WARN_OBJC_ROOT_CLASS = YES_ERROR;
				CLANG_WARN_QUOTED_INCLUDE_IN_FRAMEWORK_HEADER = YES;
				CLANG_WARN_RANGE_LOOP_ANALYSIS = YES;
				CLANG_WARN_STRICT_PROTOTYPES = YES;
				CLANG_WARN_SUSPICIOUS_MOVE = YES;
				CLANG_WARN_UNGUARDED_AVAILABILITY = YES_AGGRESSIVE;
				CLANG_WARN_UNREACHABLE_CODE = YES;
				CLANG_WARN__DUPLICATE_METHOD_MATCH = YES;
				COPY_PHASE_STRIP = NO;
				DEBUG_INFORMATION_FORMAT = dwarf;
				ENABLE_STRICT_OBJC_MSGSEND = YES;
				ENABLE_TESTABILITY = YES;
				GCC_C_LANGUAGE_STANDARD = gnu11;
				GCC_DYNAMIC_NO_PIC = NO;
				GCC_NO_COMMON_BLOCKS = YES;
				GCC_OPTIMIZATION_LEVEL = 0;
				GCC_PREPROCESSOR_DEFINITIONS = (
					"DEBUG=1",
					"$(inherited)",
				);
				GCC_WARN_64_TO_32_BIT_CONVERSION = YES;
				GCC_WARN_ABOUT_RETURN_TYPE = YES_ERROR;
				GCC_WARN_UNDECLARED_SELECTOR = YES;
				GCC_WARN_UNINITIALIZED_AUTOS = YES_AGGRESSIVE;
				GCC_WARN_UNUSED_FUNCTION = YES;
				GCC_WARN_UNUSED_VARIABLE = YES;
				IPHONEOS_DEPLOYMENT_TARGET = 16.2;
				MTL_ENABLE_DEBUG_INFO = INCLUDE_SOURCE;
				MTL_FAST_MATH = YES;
				ONLY_ACTIVE_ARCH = YES;
				SDKROOT = iphoneos;
				SWIFT_ACTIVE_COMPILATION_CONDITIONS = DEBUG;
				SWIFT_OPTIMIZATION_LEVEL = "-Onone";
			};
			name = Debug;
		};
		6939DBE429FA464D0058AB96 /* Release */ = {
			isa = XCBuildConfiguration;
			buildSettings = {
				ALWAYS_SEARCH_USER_PATHS = NO;
				CLANG_ANALYZER_NONNULL = YES;
				CLANG_ANALYZER_NUMBER_OBJECT_CONVERSION = YES_AGGRESSIVE;
				CLANG_CXX_LANGUAGE_STANDARD = "gnu++20";
				CLANG_ENABLE_MODULES = YES;
				CLANG_ENABLE_OBJC_ARC = YES;
				CLANG_ENABLE_OBJC_WEAK = YES;
				CLANG_WARN_BLOCK_CAPTURE_AUTORELEASING = YES;
				CLANG_WARN_BOOL_CONVERSION = YES;
				CLANG_WARN_COMMA = YES;
				CLANG_WARN_CONSTANT_CONVERSION = YES;
				CLANG_WARN_DEPRECATED_OBJC_IMPLEMENTATIONS = YES;
				CLANG_WARN_DIRECT_OBJC_ISA_USAGE = YES_ERROR;
				CLANG_WARN_DOCUMENTATION_COMMENTS = YES;
				CLANG_WARN_EMPTY_BODY = YES;
				CLANG_WARN_ENUM_CONVERSION = YES;
				CLANG_WARN_INFINITE_RECURSION = YES;
				CLANG_WARN_INT_CONVERSION = YES;
				CLANG_WARN_NON_LITERAL_NULL_CONVERSION = YES;
				CLANG_WARN_OBJC_IMPLICIT_RETAIN_SELF = YES;
				CLANG_WARN_OBJC_LITERAL_CONVERSION = YES;
				CLANG_WARN_OBJC_ROOT_CLASS = YES_ERROR;
				CLANG_WARN_QUOTED_INCLUDE_IN_FRAMEWORK_HEADER = YES;
				CLANG_WARN_RANGE_LOOP_ANALYSIS = YES;
				CLANG_WARN_STRICT_PROTOTYPES = YES;
				CLANG_WARN_SUSPICIOUS_MOVE = YES;
				CLANG_WARN_UNGUARDED_AVAILABILITY = YES_AGGRESSIVE;
				CLANG_WARN_UNREACHABLE_CODE = YES;
				CLANG_WARN__DUPLICATE_METHOD_MATCH = YES;
				COPY_PHASE_STRIP = NO;
				DEBUG_INFORMATION_FORMAT = "dwarf-with-dsym";
				ENABLE_NS_ASSERTIONS = NO;
				ENABLE_STRICT_OBJC_MSGSEND = YES;
				GCC_C_LANGUAGE_STANDARD = gnu11;
				GCC_NO_COMMON_BLOCKS = YES;
				GCC_WARN_64_TO_32_BIT_CONVERSION = YES;
				GCC_WARN_ABOUT_RETURN_TYPE = YES_ERROR;
				GCC_WARN_UNDECLARED_SELECTOR = YES;
				GCC_WARN_UNINITIALIZED_AUTOS = YES_AGGRESSIVE;
				GCC_WARN_UNUSED_FUNCTION = YES;
				GCC_WARN_UNUSED_VARIABLE = YES;
				IPHONEOS_DEPLOYMENT_TARGET = 16.2;
				MTL_ENABLE_DEBUG_INFO = NO;
				MTL_FAST_MATH = YES;
				SDKROOT = iphoneos;
				SWIFT_COMPILATION_MODE = wholemodule;
				SWIFT_OPTIMIZATION_LEVEL = "-O";
				VALIDATE_PRODUCT = YES;
			};
			name = Release;
		};
		6939DBE629FA464D0058AB96 /* Debug */ = {
			isa = XCBuildConfiguration;
			baseConfigurationReference = 656F655225F729046A3B0A12 /* Pods-Xcode Cloud.debug.xcconfig */;
			buildSettings = {
				ASSETCATALOG_COMPILER_APPICON_NAME = AppIcon;
				ASSETCATALOG_COMPILER_GLOBAL_ACCENT_COLOR_NAME = AccentColor;
				CODE_SIGN_IDENTITY = "Apple Development";
				CODE_SIGN_STYLE = Automatic;
				CURRENT_PROJECT_VERSION = 1;
				DEVELOPMENT_TEAM = BJ6424JKXD;
				GENERATE_INFOPLIST_FILE = YES;
				INFOPLIST_FILE = "Xcode Cloud/Info.plist";
				INFOPLIST_KEY_UIApplicationSupportsIndirectInputEvents = YES;
				INFOPLIST_KEY_UILaunchStoryboardName = LaunchScreen;
				INFOPLIST_KEY_UIMainStoryboardFile = Main;
				INFOPLIST_KEY_UISupportedInterfaceOrientations_iPad = "UIInterfaceOrientationPortrait UIInterfaceOrientationPortraitUpsideDown UIInterfaceOrientationLandscapeLeft UIInterfaceOrientationLandscapeRight";
				INFOPLIST_KEY_UISupportedInterfaceOrientations_iPhone = "UIInterfaceOrientationPortrait UIInterfaceOrientationLandscapeLeft UIInterfaceOrientationLandscapeRight";
				LD_RUNPATH_SEARCH_PATHS = (
					"$(inherited)",
					"@executable_path/Frameworks",
				);
				MARKETING_VERSION = 1.0;
				PRODUCT_BUNDLE_IDENTIFIER = me.livingmobile.testapp;
				PRODUCT_NAME = "$(TARGET_NAME)";
				PROVISIONING_PROFILE_SPECIFIER = "";
				SWIFT_EMIT_LOC_STRINGS = YES;
				SWIFT_VERSION = 5.0;
				TARGETED_DEVICE_FAMILY = "1,2";
			};
			name = Debug;
		};
		6939DBE729FA464D0058AB96 /* Release */ = {
			isa = XCBuildConfiguration;
			baseConfigurationReference = B8CC76D1B29DDDD6A8A11FBE /* Pods-Xcode Cloud.release.xcconfig */;
			buildSettings = {
				ASSETCATALOG_COMPILER_APPICON_NAME = AppIcon;
				ASSETCATALOG_COMPILER_GLOBAL_ACCENT_COLOR_NAME = AccentColor;
				CODE_SIGN_IDENTITY = "Apple Development";
				CODE_SIGN_STYLE = Automatic;
				CURRENT_PROJECT_VERSION = 1;
				DEVELOPMENT_TEAM = BJ6424JKXD;
				GENERATE_INFOPLIST_FILE = YES;
				INFOPLIST_FILE = "Xcode Cloud/Info.plist";
				INFOPLIST_KEY_UIApplicationSupportsIndirectInputEvents = YES;
				INFOPLIST_KEY_UILaunchStoryboardName = LaunchScreen;
				INFOPLIST_KEY_UIMainStoryboardFile = Main;
				INFOPLIST_KEY_UISupportedInterfaceOrientations_iPad = "UIInterfaceOrientationPortrait UIInterfaceOrientationPortraitUpsideDown UIInterfaceOrientationLandscapeLeft UIInterfaceOrientationLandscapeRight";
				INFOPLIST_KEY_UISupportedInterfaceOrientations_iPhone = "UIInterfaceOrientationPortrait UIInterfaceOrientationLandscapeLeft UIInterfaceOrientationLandscapeRight";
				LD_RUNPATH_SEARCH_PATHS = (
					"$(inherited)",
					"@executable_path/Frameworks",
				);
				MARKETING_VERSION = 1.0;
				PRODUCT_BUNDLE_IDENTIFIER = me.livingmobile.testapp;
				PRODUCT_NAME = "$(TARGET_NAME)";
				PROVISIONING_PROFILE_SPECIFIER = "";
				SWIFT_EMIT_LOC_STRINGS = YES;
				SWIFT_VERSION = 5.0;
				TARGETED_DEVICE_FAMILY = "1,2";
			};
			name = Release;
		};
		6939DBE929FA464D0058AB96 /* Debug */ = {
			isa = XCBuildConfiguration;
			baseConfigurationReference = 7F2B184FA58058A7E90165D8 /* Pods-Xcode CloudTests.debug.xcconfig */;
			buildSettings = {
				ALWAYS_EMBED_SWIFT_STANDARD_LIBRARIES = YES;
				BUNDLE_LOADER = "$(TEST_HOST)";
				CODE_SIGN_STYLE = Automatic;
				CURRENT_PROJECT_VERSION = 1;
				GENERATE_INFOPLIST_FILE = YES;
				IPHONEOS_DEPLOYMENT_TARGET = 16.2;
				MARKETING_VERSION = 1.0;
				PRODUCT_BUNDLE_IDENTIFIER = "com.frank.Xcode-CloudTests";
				PRODUCT_NAME = "$(TARGET_NAME)";
				SWIFT_EMIT_LOC_STRINGS = NO;
				SWIFT_VERSION = 5.0;
				TARGETED_DEVICE_FAMILY = "1,2";
				TEST_HOST = "$(BUILT_PRODUCTS_DIR)/Xcode Cloud.app/$(BUNDLE_EXECUTABLE_FOLDER_PATH)/Xcode Cloud";
			};
			name = Debug;
		};
		6939DBEA29FA464D0058AB96 /* Release */ = {
			isa = XCBuildConfiguration;
			baseConfigurationReference = 71581DE476FE88EDBD6E056B /* Pods-Xcode CloudTests.release.xcconfig */;
			buildSettings = {
				ALWAYS_EMBED_SWIFT_STANDARD_LIBRARIES = YES;
				BUNDLE_LOADER = "$(TEST_HOST)";
				CODE_SIGN_STYLE = Automatic;
				CURRENT_PROJECT_VERSION = 1;
				GENERATE_INFOPLIST_FILE = YES;
				IPHONEOS_DEPLOYMENT_TARGET = 16.2;
				MARKETING_VERSION = 1.0;
				PRODUCT_BUNDLE_IDENTIFIER = "com.frank.Xcode-CloudTests";
				PRODUCT_NAME = "$(TARGET_NAME)";
				SWIFT_EMIT_LOC_STRINGS = NO;
				SWIFT_VERSION = 5.0;
				TARGETED_DEVICE_FAMILY = "1,2";
				TEST_HOST = "$(BUILT_PRODUCTS_DIR)/Xcode Cloud.app/$(BUNDLE_EXECUTABLE_FOLDER_PATH)/Xcode Cloud";
			};
			name = Release;
		};
		6939DBEC29FA464D0058AB96 /* Debug */ = {
			isa = XCBuildConfiguration;
			baseConfigurationReference = 90BD488423B3C05F97ECDD61 /* Pods-Xcode Cloud-Xcode CloudUITests.debug.xcconfig */;
			buildSettings = {
				ALWAYS_EMBED_SWIFT_STANDARD_LIBRARIES = YES;
				CODE_SIGN_STYLE = Automatic;
				CURRENT_PROJECT_VERSION = 1;
				GENERATE_INFOPLIST_FILE = YES;
				MARKETING_VERSION = 1.0;
				PRODUCT_BUNDLE_IDENTIFIER = "com.frank.Xcode-CloudUITests";
				PRODUCT_NAME = "$(TARGET_NAME)";
				SWIFT_EMIT_LOC_STRINGS = NO;
				SWIFT_VERSION = 5.0;
				TARGETED_DEVICE_FAMILY = "1,2";
				TEST_TARGET_NAME = "Xcode Cloud";
			};
			name = Debug;
		};
		6939DBED29FA464D0058AB96 /* Release */ = {
			isa = XCBuildConfiguration;
			baseConfigurationReference = 3343EB5B717EBD96553C26A7 /* Pods-Xcode Cloud-Xcode CloudUITests.release.xcconfig */;
			buildSettings = {
				ALWAYS_EMBED_SWIFT_STANDARD_LIBRARIES = YES;
				CODE_SIGN_STYLE = Automatic;
				CURRENT_PROJECT_VERSION = 1;
				GENERATE_INFOPLIST_FILE = YES;
				MARKETING_VERSION = 1.0;
				PRODUCT_BUNDLE_IDENTIFIER = "com.frank.Xcode-CloudUITests";
				PRODUCT_NAME = "$(TARGET_NAME)";
				SWIFT_EMIT_LOC_STRINGS = NO;
				SWIFT_VERSION = 5.0;
				TARGETED_DEVICE_FAMILY = "1,2";
				TEST_TARGET_NAME = "Xcode Cloud";
			};
			name = Release;
		};
/* End XCBuildConfiguration section */

/* Begin XCConfigurationList section */
		6939DBB329FA464B0058AB96 /* Build configuration list for PBXProject "Xcode Cloud" */ = {
			isa = XCConfigurationList;
			buildConfigurations = (
				6939DBE329FA464D0058AB96 /* Debug */,
				6939DBE429FA464D0058AB96 /* Release */,
			);
			defaultConfigurationIsVisible = 0;
			defaultConfigurationName = Release;
		};
		6939DBE529FA464D0058AB96 /* Build configuration list for PBXNativeTarget "Xcode Cloud" */ = {
			isa = XCConfigurationList;
			buildConfigurations = (
				6939DBE629FA464D0058AB96 /* Debug */,
				6939DBE729FA464D0058AB96 /* Release */,
			);
			defaultConfigurationIsVisible = 0;
			defaultConfigurationName = Release;
		};
		6939DBE829FA464D0058AB96 /* Build configuration list for PBXNativeTarget "Xcode CloudTests" */ = {
			isa = XCConfigurationList;
			buildConfigurations = (
				6939DBE929FA464D0058AB96 /* Debug */,
				6939DBEA29FA464D0058AB96 /* Release */,
			);
			defaultConfigurationIsVisible = 0;
			defaultConfigurationName = Release;
		};
		6939DBEB29FA464D0058AB96 /* Build configuration list for PBXNativeTarget "Xcode CloudUITests" */ = {
			isa = XCConfigurationList;
			buildConfigurations = (
				6939DBEC29FA464D0058AB96 /* Debug */,
				6939DBED29FA464D0058AB96 /* Release */,
			);
			defaultConfigurationIsVisible = 0;
			defaultConfigurationName = Release;
		};
/* End XCConfigurationList section */

/* Begin XCVersionGroup section */
		6939DBC429FA464B0058AB96 /* Xcode_Cloud.xcdatamodeld */ = {
			isa = XCVersionGroup;
			children = (
				6939DBC529FA464B0058AB96 /* Xcode_Cloud.xcdatamodel */,
			);
			currentVersion = 6939DBC529FA464B0058AB96 /* Xcode_Cloud.xcdatamodel */;
			path = Xcode_Cloud.xcdatamodeld;
			sourceTree = "<group>";
			versionGroupType = wrapper.xcdatamodel;
		};
/* End XCVersionGroup section */
	};
	rootObject = 6939DBB029FA464B0058AB96 /* Project object */;
}
